
Microsoft Visual Studio Solution File, Format Version 12.00
# Visual Studio Version 17
VisualStudioVersion = 17.12.35527.113 d17.12
MinimumVisualStudioVersion = 10.0.40219.1
Project("{FAE04EC0-301F-11D3-BF4B-00C04F79EFBC}") = "GroceryManagements.Api", "GroceryManagements.Api\GroceryManagements.Api.csproj", "{0DFE2A2A-70D5-4EEE-9578-55642A5B7FBC}"
EndProject
Project("{FAE04EC0-301F-11D3-BF4B-00C04F79EFBC}") = "Grocery.Db", "Grocery.Db\Grocery.Db.csproj", "{1387B055-7708-4D3B-868F-D6699CDDB061}"
EndProject
Project("{FAE04EC0-301F-11D3-BF4B-00C04F79EFBC}") = "Grocery.Dto", "Grocery.Dto\Grocery.Dto.csproj", "{F1A99ACD-37A6-4C31-9C8C-36AAB0718685}"
EndProject
Project("{FAE04EC0-301F-11D3-BF4B-00C04F79EFBC}") = "Grocery.Bl", "Grocery.Bl\Grocery.Bl.csproj", "{81528874-8972-42EF-BCC1-A755C967EE4A}"
EndProject
Global
	GlobalSection(SolutionConfigurationPlatforms) = preSolution
		Debug|Any CPU = Debug|Any CPU
		Release|Any CPU = Release|Any CPU
	EndGlobalSection
	GlobalSection(ProjectConfigurationPlatforms) = postSolution
		{0DFE2A2A-70D5-4EEE-9578-55642A5B7FBC}.Debug|Any CPU.ActiveCfg = Debug|Any CPU
		{0DFE2A2A-70D5-4EEE-9578-55642A5B7FBC}.Debug|Any CPU.Build.0 = Debug|Any CPU
		{0DFE2A2A-70D5-4EEE-9578-55642A5B7FBC}.Release|Any CPU.ActiveCfg = Release|Any CPU
		{0DFE2A2A-70D5-4EEE-9578-55642A5B7FBC}.Release|Any CPU.Build.0 = Release|Any CPU
		{1387B055-7708-4D3B-868F-D6699CDDB061}.Debug|Any CPU.ActiveCfg = Debug|Any CPU
		{1387B055-7708-4D3B-868F-D6699CDDB061}.Debug|Any CPU.Build.0 = Debug|Any CPU
		{1387B055-7708-4D3B-868F-D6699CDDB061}.Release|Any CPU.ActiveCfg = Release|Any CPU
		{1387B055-7708-4D3B-868F-D6699CDDB061}.Release|Any CPU.Build.0 = Release|Any CPU
		{F1A99ACD-37A6-4C31-9C8C-36AAB0718685}.Debug|Any CPU.ActiveCfg = Debug|Any CPU
		{F1A99ACD-37A6-4C31-9C8C-36AAB0718685}.Debug|Any CPU.Build.0 = Debug|Any CPU
		{F1A99ACD-37A6-4C31-9C8C-36AAB0718685}.Release|Any CPU.ActiveCfg = Release|Any CPU
		{F1A99ACD-37A6-4C31-9C8C-36AAB0718685}.Release|Any CPU.Build.0 = Release|Any CPU
		{81528874-8972-42EF-BCC1-A755C967EE4A}.Debug|Any CPU.ActiveCfg = Debug|Any CPU
		{81528874-8972-42EF-BCC1-A755C967EE4A}.Debug|Any CPU.Build.0 = Debug|Any CPU
		{81528874-8972-42EF-BCC1-A755C967EE4A}.Release|Any CPU.ActiveCfg = Release|Any CPU
		{81528874-8972-42EF-BCC1-A755C967EE4A}.Release|Any CPU.Build.0 = Release|Any CPU
	EndGlobalSection
	GlobalSection(SolutionProperties) = preSolution
		HideSolutionNode = FALSE
	EndGlobalSection
EndGlobal
